
Microsoft Visual Studio Solution File, Format Version 12.00
# Visual Studio Version 17
VisualStudioVersion = 17.0.32126.317
MinimumVisualStudioVersion = 10.0.40219.1
Project("{FAE04EC0-301F-11D3-BF4B-00C04F79EFBC}") = "Day7", "Day7.csproj", "{B5562E44-2768-458B-9603-5CEDC2D360A1}"
EndProject
Global
	GlobalSection(SolutionConfigurationPlatforms) = preSolution
		Debug|Any CPU = Debug|Any CPU
		Release|Any CPU = Release|Any CPU
	EndGlobalSection
	GlobalSection(ProjectConfigurationPlatforms) = postSolution
		{B5562E44-2768-458B-9603-5CEDC2D360A1}.Debug|Any CPU.ActiveCfg = Debug|Any CPU
		{B5562E44-2768-458B-9603-5CEDC2D360A1}.Debug|Any CPU.Build.0 = Debug|Any CPU
		{B5562E44-2768-458B-9603-5CEDC2D360A1}.Release|Any CPU.ActiveCfg = Release|Any CPU
		{B5562E44-2768-458B-9603-5CEDC2D360A1}.Release|Any CPU.Build.0 = Release|Any CPU
	EndGlobalSection
	GlobalSection(SolutionProperties) = preSolution
		HideSolutionNode = FALSE
	EndGlobalSection
	GlobalSection(ExtensibilityGlobals) = postSolution
		SolutionGuid = {1C3DA82C-63EC-4119-AAB5-4883DF038C5F}
	EndGlobalSection
EndGlobal
